// !$*UTF8*$!
{
	archiveVersion = 1;
	classes = {
	};
	objectVersion = 56;
	objects = {

/* Begin PBXBuildFile section */
		D14E623229676FD500300FF1 /* OpenAIApp.swift in Sources */ = {isa = PBXBuildFile; fileRef = D14E623129676FD500300FF1 /* OpenAIApp.swift */; };
		D14E623429676FD500300FF1 /* ContentView.swift in Sources */ = {isa = PBXBuildFile; fileRef = D14E623329676FD500300FF1 /* ContentView.swift */; };
		D14E623629676FD600300FF1 /* Assets.xcassets in Resources */ = {isa = PBXBuildFile; fileRef = D14E623529676FD600300FF1 /* Assets.xcassets */; };
		D14E623929676FD600300FF1 /* Preview Assets.xcassets in Resources */ = {isa = PBXBuildFile; fileRef = D14E623829676FD600300FF1 /* Preview Assets.xcassets */; };
		D14E62412967718600300FF1 /* GPTView.swift in Sources */ = {isa = PBXBuildFile; fileRef = D14E62402967718600300FF1 /* GPTView.swift */; };
		D14E6244296771C100300FF1 /* OpenAISwift in Frameworks */ = {isa = PBXBuildFile; productRef = D14E6243296771C100300FF1 /* OpenAISwift */; };
		D14E6246296778BC00300FF1 /* Auth.swift in Sources */ = {isa = PBXBuildFile; fileRef = D14E6245296778BC00300FF1 /* Auth.swift */; };
		D14E62482967852200300FF1 /* TextPromptInputView.swift in Sources */ = {isa = PBXBuildFile; fileRef = D14E62472967852200300FF1 /* TextPromptInputView.swift */; };
		D14E624A2967854C00300FF1 /* ModelSelectionView.swift in Sources */ = {isa = PBXBuildFile; fileRef = D14E62492967854C00300FF1 /* ModelSelectionView.swift */; };
		D14E624E296785AA00300FF1 /* ResponseDisplayView.swift in Sources */ = {isa = PBXBuildFile; fileRef = D14E624D296785AA00300FF1 /* ResponseDisplayView.swift */; };
		D14E6250296789CB00300FF1 /* MaxTokensSelectionView.swift in Sources */ = {isa = PBXBuildFile; fileRef = D14E624F296789CB00300FF1 /* MaxTokensSelectionView.swift */; };
		D14E625229678ADC00300FF1 /* OpenAIModelType+Extensions.swift in Sources */ = {isa = PBXBuildFile; fileRef = D14E625129678ADC00300FF1 /* OpenAIModelType+Extensions.swift */; };
/* End PBXBuildFile section */

/* Begin PBXFileReference section */
		D14E622E29676FD500300FF1 /* OpenAI.app */ = {isa = PBXFileReference; explicitFileType = wrapper.application; includeInIndex = 0; path = OpenAI.app; sourceTree = BUILT_PRODUCTS_DIR; };
		D14E623129676FD500300FF1 /* OpenAIApp.swift */ = {isa = PBXFileReference; lastKnownFileType = sourcecode.swift; path = OpenAIApp.swift; sourceTree = "<group>"; };
		D14E623329676FD500300FF1 /* ContentView.swift */ = {isa = PBXFileReference; lastKnownFileType = sourcecode.swift; path = ContentView.swift; sourceTree = "<group>"; };
		D14E623529676FD600300FF1 /* Assets.xcassets */ = {isa = PBXFileReference; lastKnownFileType = folder.assetcatalog; path = Assets.xcassets; sourceTree = "<group>"; };
		D14E623829676FD600300FF1 /* Preview Assets.xcassets */ = {isa = PBXFileReference; lastKnownFileType = folder.assetcatalog; path = "Preview Assets.xcassets"; sourceTree = "<group>"; };
		D14E623A29676FD600300FF1 /* OpenAI.entitlements */ = {isa = PBXFileReference; lastKnownFileType = text.plist.entitlements; path = OpenAI.entitlements; sourceTree = "<group>"; };
		D14E62402967718600300FF1 /* GPTView.swift */ = {isa = PBXFileReference; lastKnownFileType = sourcecode.swift; path = GPTView.swift; sourceTree = "<group>"; };
		D14E6245296778BC00300FF1 /* Auth.swift */ = {isa = PBXFileReference; lastKnownFileType = sourcecode.swift; path = Auth.swift; sourceTree = "<group>"; };
		D14E62472967852200300FF1 /* TextPromptInputView.swift */ = {isa = PBXFileReference; lastKnownFileType = sourcecode.swift; path = TextPromptInputView.swift; sourceTree = "<group>"; };
		D14E62492967854C00300FF1 /* ModelSelectionView.swift */ = {isa = PBXFileReference; lastKnownFileType = sourcecode.swift; path = ModelSelectionView.swift; sourceTree = "<group>"; };
		D14E624D296785AA00300FF1 /* ResponseDisplayView.swift */ = {isa = PBXFileReference; lastKnownFileType = sourcecode.swift; path = ResponseDisplayView.swift; sourceTree = "<group>"; };
		D14E624F296789CB00300FF1 /* MaxTokensSelectionView.swift */ = {isa = PBXFileReference; lastKnownFileType = sourcecode.swift; path = MaxTokensSelectionView.swift; sourceTree = "<group>"; };
		D14E625129678ADC00300FF1 /* OpenAIModelType+Extensions.swift */ = {isa = PBXFileReference; lastKnownFileType = sourcecode.swift; path = "OpenAIModelType+Extensions.swift"; sourceTree = "<group>"; };
/* End PBXFileReference section */

/* Begin PBXFrameworksBuildPhase section */
		D14E622B29676FD500300FF1 /* Frameworks */ = {
			isa = PBXFrameworksBuildPhase;
			buildActionMask = 2147483647;
			files = (
				D14E6244296771C100300FF1 /* OpenAISwift in Frameworks */,
			);
			runOnlyForDeploymentPostprocessing = 0;
		};
/* End PBXFrameworksBuildPhase section */

/* Begin PBXGroup section */
		D14E622529676FD500300FF1 = {
			isa = PBXGroup;
			children = (
				D14E623029676FD500300FF1 /* OpenAI */,
				D14E622F29676FD500300FF1 /* Products */,
			);
			sourceTree = "<group>";
		};
		D14E622F29676FD500300FF1 /* Products */ = {
			isa = PBXGroup;
			children = (
				D14E622E29676FD500300FF1 /* OpenAI.app */,
			);
			name = Products;
			sourceTree = "<group>";
		};
		D14E623029676FD500300FF1 /* OpenAI */ = {
			isa = PBXGroup;
			children = (
				D14E6253296794AA00300FF1 /* GPT */,
				D14E623129676FD500300FF1 /* OpenAIApp.swift */,
				D14E623329676FD500300FF1 /* ContentView.swift */,
				D14E623529676FD600300FF1 /* Assets.xcassets */,
				D14E623A29676FD600300FF1 /* OpenAI.entitlements */,
				D14E623729676FD600300FF1 /* Preview Content */,
				D14E6245296778BC00300FF1 /* Auth.swift */,
			);
			path = OpenAI;
			sourceTree = "<group>";
		};
		D14E623729676FD600300FF1 /* Preview Content */ = {
			isa = PBXGroup;
			children = (
				D14E623829676FD600300FF1 /* Preview Assets.xcassets */,
			);
			path = "Preview Content";
			sourceTree = "<group>";
		};
		D14E6253296794AA00300FF1 /* GPT */ = {
			isa = PBXGroup;
			children = (
				D14E625129678ADC00300FF1 /* OpenAIModelType+Extensions.swift */,
				D14E6254296794EF00300FF1 /* Views */,
			);
			path = GPT;
			sourceTree = "<group>";
		};
		D14E6254296794EF00300FF1 /* Views */ = {
			isa = PBXGroup;
			children = (
				D14E624F296789CB00300FF1 /* MaxTokensSelectionView.swift */,
				D14E624D296785AA00300FF1 /* ResponseDisplayView.swift */,
				D14E62492967854C00300FF1 /* ModelSelectionView.swift */,
				D14E62472967852200300FF1 /* TextPromptInputView.swift */,
				D14E62402967718600300FF1 /* GPTView.swift */,
			);
			path = Views;
			sourceTree = "<group>";
		};
/* End PBXGroup section */

/* Begin PBXNativeTarget section */
		D14E622D29676FD500300FF1 /* OpenAI */ = {
			isa = PBXNativeTarget;
			buildConfigurationList = D14E623D29676FD600300FF1 /* Build configuration list for PBXNativeTarget "OpenAI" */;
			buildPhases = (
				D14E622A29676FD500300FF1 /* Sources */,
				D14E622B29676FD500300FF1 /* Frameworks */,
				D14E622C29676FD500300FF1 /* Resources */,
			);
			buildRules = (
			);
			dependencies = (
			);
			name = OpenAI;
			packageProductDependencies = (
				D14E6243296771C100300FF1 /* OpenAISwift */,
			);
			productName = OpenAI;
			productReference = D14E622E29676FD500300FF1 /* OpenAI.app */;
			productType = "com.apple.product-type.application";
		};
/* End PBXNativeTarget section */

/* Begin PBXProject section */
		D14E622629676FD500300FF1 /* Project object */ = {
			isa = PBXProject;
			attributes = {
				BuildIndependentTargetsInParallel = 1;
				LastSwiftUpdateCheck = 1420;
				LastUpgradeCheck = 1420;
				TargetAttributes = {
					D14E622D29676FD500300FF1 = {
						CreatedOnToolsVersion = 14.2;
					};
				};
			};
			buildConfigurationList = D14E622929676FD500300FF1 /* Build configuration list for PBXProject "OpenAI" */;
			compatibilityVersion = "Xcode 14.0";
			developmentRegion = en;
			hasScannedForEncodings = 0;
			knownRegions = (
				en,
				Base,
			);
			mainGroup = D14E622529676FD500300FF1;
			packageReferences = (
				D14E6242296771C100300FF1 /* XCRemoteSwiftPackageReference "OpenAISwift" */,
			);
			productRefGroup = D14E622F29676FD500300FF1 /* Products */;
			projectDirPath = "";
			projectRoot = "";
			targets = (
				D14E622D29676FD500300FF1 /* OpenAI */,
			);
		};
/* End PBXProject section */

/* Begin PBXResourcesBuildPhase section */
		D14E622C29676FD500300FF1 /* Resources */ = {
			isa = PBXResourcesBuildPhase;
			buildActionMask = 2147483647;
			files = (
				D14E623929676FD600300FF1 /* Preview Assets.xcassets in Resources */,
				D14E623629676FD600300FF1 /* Assets.xcassets in Resources */,
			);
			runOnlyForDeploymentPostprocessing = 0;
		};
/* End PBXResourcesBuildPhase section */

/* Begin PBXSourcesBuildPhase section */
		D14E622A29676FD500300FF1 /* Sources */ = {
			isa = PBXSourcesBuildPhase;
			buildActionMask = 2147483647;
			files = (
				D14E625229678ADC00300FF1 /* OpenAIModelType+Extensions.swift in Sources */,
				D14E62482967852200300FF1 /* TextPromptInputView.swift in Sources */,
				D14E62412967718600300FF1 /* GPTView.swift in Sources */,
				D14E623429676FD500300FF1 /* ContentView.swift in Sources */,
				D14E623229676FD500300FF1 /* OpenAIApp.swift in Sources */,
				D14E6250296789CB00300FF1 /* MaxTokensSelectionView.swift in Sources */,
				D14E624E296785AA00300FF1 /* ResponseDisplayView.swift in Sources */,
				D14E6246296778BC00300FF1 /* Auth.swift in Sources */,
				D14E624A2967854C00300FF1 /* ModelSelectionView.swift in Sources */,
			);
			runOnlyForDeploymentPostprocessing = 0;
		};
/* End PBXSourcesBuildPhase section */

/* Begin XCBuildConfiguration section */
		D14E623B29676FD600300FF1 /* Debug */ = {
			isa = XCBuildConfiguration;
			buildSettings = {
				ALWAYS_SEARCH_USER_PATHS = NO;
				CLANG_ANALYZER_NONNULL = YES;
				CLANG_ANALYZER_NUMBER_OBJECT_CONVERSION = YES_AGGRESSIVE;
				CLANG_CXX_LANGUAGE_STANDARD = "gnu++20";
				CLANG_ENABLE_MODULES = YES;
				CLANG_ENABLE_OBJC_ARC = YES;
				CLANG_ENABLE_OBJC_WEAK = YES;
				CLANG_WARN_BLOCK_CAPTURE_AUTORELEASING = YES;
				CLANG_WARN_BOOL_CONVERSION = YES;
				CLANG_WARN_COMMA = YES;
				CLANG_WARN_CONSTANT_CONVERSION = YES;
				CLANG_WARN_DEPRECATED_OBJC_IMPLEMENTATIONS = YES;
				CLANG_WARN_DIRECT_OBJC_ISA_USAGE = YES_ERROR;
				CLANG_WARN_DOCUMENTATION_COMMENTS = YES;
				CLANG_WARN_EMPTY_BODY = YES;
				CLANG_WARN_ENUM_CONVERSION = YES;
				CLANG_WARN_INFINITE_RECURSION = YES;
				CLANG_WARN_INT_CONVERSION = YES;
				CLANG_WARN_NON_LITERAL_NULL_CONVERSION = YES;
				CLANG_WARN_OBJC_IMPLICIT_RETAIN_SELF = YES;
				CLANG_WARN_OBJC_LITERAL_CONVERSION = YES;
				CLANG_WARN_OBJC_ROOT_CLASS = YES_ERROR;
				CLANG_WARN_QUOTED_INCLUDE_IN_FRAMEWORK_HEADER = YES;
				CLANG_WARN_RANGE_LOOP_ANALYSIS = YES;
				CLANG_WARN_STRICT_PROTOTYPES = YES;
				CLANG_WARN_SUSPICIOUS_MOVE = YES;
				CLANG_WARN_UNGUARDED_AVAILABILITY = YES_AGGRESSIVE;
				CLANG_WARN_UNREACHABLE_CODE = YES;
				CLANG_WARN__DUPLICATE_METHOD_MATCH = YES;
				COPY_PHASE_STRIP = NO;
				DEBUG_INFORMATION_FORMAT = dwarf;
				ENABLE_STRICT_OBJC_MSGSEND = YES;
				ENABLE_TESTABILITY = YES;
				GCC_C_LANGUAGE_STANDARD = gnu11;
				GCC_DYNAMIC_NO_PIC = NO;
				GCC_NO_COMMON_BLOCKS = YES;
				GCC_OPTIMIZATION_LEVEL = 0;
				GCC_PREPROCESSOR_DEFINITIONS = (
					"DEBUG=1",
					"$(inherited)",
				);
				GCC_WARN_64_TO_32_BIT_CONVERSION = YES;
				GCC_WARN_ABOUT_RETURN_TYPE = YES_ERROR;
				GCC_WARN_UNDECLARED_SELECTOR = YES;
				GCC_WARN_UNINITIALIZED_AUTOS = YES_AGGRESSIVE;
				GCC_WARN_UNUSED_FUNCTION = YES;
				GCC_WARN_UNUSED_VARIABLE = YES;
				MACOSX_DEPLOYMENT_TARGET = 12.6;
				MTL_ENABLE_DEBUG_INFO = INCLUDE_SOURCE;
				MTL_FAST_MATH = YES;
				ONLY_ACTIVE_ARCH = YES;
				SDKROOT = macosx;
				SWIFT_ACTIVE_COMPILATION_CONDITIONS = DEBUG;
				SWIFT_OPTIMIZATION_LEVEL = "-Onone";
			};
			name = Debug;
		};
		D14E623C29676FD600300FF1 /* Release */ = {
			isa = XCBuildConfiguration;
			buildSettings = {
				ALWAYS_SEARCH_USER_PATHS = NO;
				CLANG_ANALYZER_NONNULL = YES;
				CLANG_ANALYZER_NUMBER_OBJECT_CONVERSION = YES_AGGRESSIVE;
				CLANG_CXX_LANGUAGE_STANDARD = "gnu++20";
				CLANG_ENABLE_MODULES = YES;
				CLANG_ENABLE_OBJC_ARC = YES;
				CLANG_ENABLE_OBJC_WEAK = YES;
				CLANG_WARN_BLOCK_CAPTURE_AUTORELEASING = YES;
				CLANG_WARN_BOOL_CONVERSION = YES;
				CLANG_WARN_COMMA = YES;
				CLANG_WARN_CONSTANT_CONVERSION = YES;
				CLANG_WARN_DEPRECATED_OBJC_IMPLEMENTATIONS = YES;
				CLANG_WARN_DIRECT_OBJC_ISA_USAGE = YES_ERROR;
				CLANG_WARN_DOCUMENTATION_COMMENTS = YES;
				CLANG_WARN_EMPTY_BODY = YES;
				CLANG_WARN_ENUM_CONVERSION = YES;
				CLANG_WARN_INFINITE_RECURSION = YES;
				CLANG_WARN_INT_CONVERSION = YES;
				CLANG_WARN_NON_LITERAL_NULL_CONVERSION = YES;
				CLANG_WARN_OBJC_IMPLICIT_RETAIN_SELF = YES;
				CLANG_WARN_OBJC_LITERAL_CONVERSION = YES;
				CLANG_WARN_OBJC_ROOT_CLASS = YES_ERROR;
				CLANG_WARN_QUOTED_INCLUDE_IN_FRAMEWORK_HEADER = YES;
				CLANG_WARN_RANGE_LOOP_ANALYSIS = YES;
				CLANG_WARN_STRICT_PROTOTYPES = YES;
				CLANG_WARN_SUSPICIOUS_MOVE = YES;
				CLANG_WARN_UNGUARDED_AVAILABILITY = YES_AGGRESSIVE;
				CLANG_WARN_UNREACHABLE_CODE = YES;
				CLANG_WARN__DUPLICATE_METHOD_MATCH = YES;
				COPY_PHASE_STRIP = NO;
				DEBUG_INFORMATION_FORMAT = "dwarf-with-dsym";
				ENABLE_NS_ASSERTIONS = NO;
				ENABLE_STRICT_OBJC_MSGSEND = YES;
				GCC_C_LANGUAGE_STANDARD = gnu11;
				GCC_NO_COMMON_BLOCKS = YES;
				GCC_WARN_64_TO_32_BIT_CONVERSION = YES;
				GCC_WARN_ABOUT_RETURN_TYPE = YES_ERROR;
				GCC_WARN_UNDECLARED_SELECTOR = YES;
				GCC_WARN_UNINITIALIZED_AUTOS = YES_AGGRESSIVE;
				GCC_WARN_UNUSED_FUNCTION = YES;
				GCC_WARN_UNUSED_VARIABLE = YES;
				MACOSX_DEPLOYMENT_TARGET = 12.6;
				MTL_ENABLE_DEBUG_INFO = NO;
				MTL_FAST_MATH = YES;
				SDKROOT = macosx;
				SWIFT_COMPILATION_MODE = wholemodule;
				SWIFT_OPTIMIZATION_LEVEL = "-O";
			};
			name = Release;
		};
		D14E623E29676FD600300FF1 /* Debug */ = {
			isa = XCBuildConfiguration;
			buildSettings = {
				ASSETCATALOG_COMPILER_APPICON_NAME = AppIcon;
				ASSETCATALOG_COMPILER_GLOBAL_ACCENT_COLOR_NAME = AccentColor;
				CODE_SIGN_ENTITLEMENTS = OpenAI/OpenAI.entitlements;
				CODE_SIGN_STYLE = Automatic;
				COMBINE_HIDPI_IMAGES = YES;
				CURRENT_PROJECT_VERSION = 1;
				DEVELOPMENT_ASSET_PATHS = "\"OpenAI/Preview Content\"";
				ENABLE_PREVIEWS = YES;
				GENERATE_INFOPLIST_FILE = YES;
				INFOPLIST_KEY_NSHumanReadableCopyright = "";
				LD_RUNPATH_SEARCH_PATHS = (
					"$(inherited)",
					"@executable_path/../Frameworks",
				);
				MARKETING_VERSION = 1.0;
				PRODUCT_BUNDLE_IDENTIFIER = com.nacross.OpenAI;
				PRODUCT_NAME = "$(TARGET_NAME)";
				SWIFT_EMIT_LOC_STRINGS = YES;
				SWIFT_VERSION = 5.0;
			};
			name = Debug;
		};
		D14E623F29676FD600300FF1 /* Release */ = {
			isa = XCBuildConfiguration;
			buildSettings = {
				ASSETCATALOG_COMPILER_APPICON_NAME = AppIcon;
				ASSETCATALOG_COMPILER_GLOBAL_ACCENT_COLOR_NAME = AccentColor;
				CODE_SIGN_ENTITLEMENTS = OpenAI/OpenAI.entitlements;
				CODE_SIGN_STYLE = Automatic;
				COMBINE_HIDPI_IMAGES = YES;
				CURRENT_PROJECT_VERSION = 1;
				DEVELOPMENT_ASSET_PATHS = "\"OpenAI/Preview Content\"";
				ENABLE_PREVIEWS = YES;
				GENERATE_INFOPLIST_FILE = YES;
				INFOPLIST_KEY_NSHumanReadableCopyright = "";
				LD_RUNPATH_SEARCH_PATHS = (
					"$(inherited)",
					"@executable_path/../Frameworks",
				);
				MARKETING_VERSION = 1.0;
				PRODUCT_BUNDLE_IDENTIFIER = com.nacross.OpenAI;
				PRODUCT_NAME = "$(TARGET_NAME)";
				SWIFT_EMIT_LOC_STRINGS = YES;
				SWIFT_VERSION = 5.0;
			};
			name = Release;
		};
/* End XCBuildConfiguration section */

/* Begin XCConfigurationList section */
		D14E622929676FD500300FF1 /* Build configuration list for PBXProject "OpenAI" */ = {
			isa = XCConfigurationList;
			buildConfigurations = (
				D14E623B29676FD600300FF1 /* Debug */,
				D14E623C29676FD600300FF1 /* Release */,
			);
			defaultConfigurationIsVisible = 0;
			defaultConfigurationName = Release;
		};
		D14E623D29676FD600300FF1 /* Build configuration list for PBXNativeTarget "OpenAI" */ = {
			isa = XCConfigurationList;
			buildConfigurations = (
				D14E623E29676FD600300FF1 /* Debug */,
				D14E623F29676FD600300FF1 /* Release */,
			);
			defaultConfigurationIsVisible = 0;
			defaultConfigurationName = Release;
		};
/* End XCConfigurationList section */

/* Begin XCRemoteSwiftPackageReference section */
		D14E6242296771C100300FF1 /* XCRemoteSwiftPackageReference "OpenAISwift" */ = {
			isa = XCRemoteSwiftPackageReference;
			repositoryURL = "https://github.com/adamrushy/OpenAISwift";
			requirement = {
				kind = upToNextMajorVersion;
				minimumVersion = 1.0.0;
			};
		};
/* End XCRemoteSwiftPackageReference section */

/* Begin XCSwiftPackageProductDependency section */
		D14E6243296771C100300FF1 /* OpenAISwift */ = {
			isa = XCSwiftPackageProductDependency;
			package = D14E6242296771C100300FF1 /* XCRemoteSwiftPackageReference "OpenAISwift" */;
			productName = OpenAISwift;
		};
/* End XCSwiftPackageProductDependency section */
	};
	rootObject = D14E622629676FD500300FF1 /* Project object */;
}
